// !$*UTF8*$!
{
	archiveVersion = 1;
	classes = {
	};
	objectVersion = 56;
	objects = {

/* Begin PBXBuildFile section */
		FA71AEA72B72EBE9009820E0 /* SignInView.swift in Sources */ = {isa = PBXBuildFile; fileRef = FA71AEA62B72EBE9009820E0 /* SignInView.swift */; };
		FA7BAA682B6C62C200B49752 /* MeditationAppUIApp.swift in Sources */ = {isa = PBXBuildFile; fileRef = FA7BAA672B6C62C200B49752 /* MeditationAppUIApp.swift */; };
		FA7BAA6C2B6C62C300B49752 /* Assets.xcassets in Resources */ = {isa = PBXBuildFile; fileRef = FA7BAA6B2B6C62C300B49752 /* Assets.xcassets */; };
		FA7BAA6F2B6C62C300B49752 /* Preview Assets.xcassets in Resources */ = {isa = PBXBuildFile; fileRef = FA7BAA6E2B6C62C300B49752 /* Preview Assets.xcassets */; };
		FA7BAA742B6C62C300B49752 /* MeditationAppUI.xcdatamodeld in Sources */ = {isa = PBXBuildFile; fileRef = FA7BAA722B6C62C300B49752 /* MeditationAppUI.xcdatamodeld */; };
		FA7BAA7E2B6C62C300B49752 /* MeditationAppUITests.swift in Sources */ = {isa = PBXBuildFile; fileRef = FA7BAA7D2B6C62C300B49752 /* MeditationAppUITests.swift */; };
		FA7BAA882B6C62C300B49752 /* MeditationAppUIUITests.swift in Sources */ = {isa = PBXBuildFile; fileRef = FA7BAA872B6C62C300B49752 /* MeditationAppUIUITests.swift */; };
		FA7BAA8A2B6C62C300B49752 /* MeditationAppUIUITestsLaunchTests.swift in Sources */ = {isa = PBXBuildFile; fileRef = FA7BAA892B6C62C300B49752 /* MeditationAppUIUITestsLaunchTests.swift */; };
		FA80F68D2B7150C600B7796E /* SilentMoonView.swift in Sources */ = {isa = PBXBuildFile; fileRef = FA80F68C2B7150C600B7796E /* SilentMoonView.swift */; };
		FA80F6932B718E1100B7796E /* GeneralButtonComponent.swift in Sources */ = {isa = PBXBuildFile; fileRef = FA80F6922B718E1100B7796E /* GeneralButtonComponent.swift */; };
		FA80F6A82B71B86300B7796E /* HelveticaNeueCyr-Italic.ttf in Resources */ = {isa = PBXBuildFile; fileRef = FA80F6962B71B86300B7796E /* HelveticaNeueCyr-Italic.ttf */; };
		FA80F6A92B71B86300B7796E /* HelveticaNeueCyr-Italic.ttf in Resources */ = {isa = PBXBuildFile; fileRef = FA80F6962B71B86300B7796E /* HelveticaNeueCyr-Italic.ttf */; };
		FA80F6AA2B71B86300B7796E /* HelveticaNeueCyr-Italic.ttf in Resources */ = {isa = PBXBuildFile; fileRef = FA80F6962B71B86300B7796E /* HelveticaNeueCyr-Italic.ttf */; };
		FA80F6AB2B71B86300B7796E /* HelveticaNeueCyr-Heavy.ttf in Resources */ = {isa = PBXBuildFile; fileRef = FA80F6972B71B86300B7796E /* HelveticaNeueCyr-Heavy.ttf */; };
		FA80F6AC2B71B86300B7796E /* HelveticaNeueCyr-Heavy.ttf in Resources */ = {isa = PBXBuildFile; fileRef = FA80F6972B71B86300B7796E /* HelveticaNeueCyr-Heavy.ttf */; };
		FA80F6AD2B71B86300B7796E /* HelveticaNeueCyr-Heavy.ttf in Resources */ = {isa = PBXBuildFile; fileRef = FA80F6972B71B86300B7796E /* HelveticaNeueCyr-Heavy.ttf */; };
		FA80F6AE2B71B86300B7796E /* HelveticaNeueCyr-LightItalic.ttf in Resources */ = {isa = PBXBuildFile; fileRef = FA80F6982B71B86300B7796E /* HelveticaNeueCyr-LightItalic.ttf */; };
		FA80F6AF2B71B86300B7796E /* HelveticaNeueCyr-LightItalic.ttf in Resources */ = {isa = PBXBuildFile; fileRef = FA80F6982B71B86300B7796E /* HelveticaNeueCyr-LightItalic.ttf */; };
		FA80F6B02B71B86300B7796E /* HelveticaNeueCyr-LightItalic.ttf in Resources */ = {isa = PBXBuildFile; fileRef = FA80F6982B71B86300B7796E /* HelveticaNeueCyr-LightItalic.ttf */; };
		FA80F6B12B71B86300B7796E /* HelveticaNeueCyr-Light.ttf in Resources */ = {isa = PBXBuildFile; fileRef = FA80F6992B71B86300B7796E /* HelveticaNeueCyr-Light.ttf */; };
		FA80F6B22B71B86300B7796E /* HelveticaNeueCyr-Light.ttf in Resources */ = {isa = PBXBuildFile; fileRef = FA80F6992B71B86300B7796E /* HelveticaNeueCyr-Light.ttf */; };
		FA80F6B32B71B86300B7796E /* HelveticaNeueCyr-Light.ttf in Resources */ = {isa = PBXBuildFile; fileRef = FA80F6992B71B86300B7796E /* HelveticaNeueCyr-Light.ttf */; };
		FA80F6B42B71B86300B7796E /* HelveticaNeueCyr-MediumItalic.ttf in Resources */ = {isa = PBXBuildFile; fileRef = FA80F69A2B71B86300B7796E /* HelveticaNeueCyr-MediumItalic.ttf */; };
		FA80F6B52B71B86300B7796E /* HelveticaNeueCyr-MediumItalic.ttf in Resources */ = {isa = PBXBuildFile; fileRef = FA80F69A2B71B86300B7796E /* HelveticaNeueCyr-MediumItalic.ttf */; };
		FA80F6B62B71B86300B7796E /* HelveticaNeueCyr-MediumItalic.ttf in Resources */ = {isa = PBXBuildFile; fileRef = FA80F69A2B71B86300B7796E /* HelveticaNeueCyr-MediumItalic.ttf */; };
		FA80F6B72B71B86300B7796E /* HelveticaNeueBlackCondensed.ttf in Resources */ = {isa = PBXBuildFile; fileRef = FA80F69B2B71B86300B7796E /* HelveticaNeueBlackCondensed.ttf */; };
		FA80F6B82B71B86300B7796E /* HelveticaNeueBlackCondensed.ttf in Resources */ = {isa = PBXBuildFile; fileRef = FA80F69B2B71B86300B7796E /* HelveticaNeueBlackCondensed.ttf */; };
		FA80F6B92B71B86300B7796E /* HelveticaNeueBlackCondensed.ttf in Resources */ = {isa = PBXBuildFile; fileRef = FA80F69B2B71B86300B7796E /* HelveticaNeueBlackCondensed.ttf */; };
		FA80F6BA2B71B86300B7796E /* HelveticaNeueCyr-Black.ttf in Resources */ = {isa = PBXBuildFile; fileRef = FA80F69C2B71B86300B7796E /* HelveticaNeueCyr-Black.ttf */; };
		FA80F6BB2B71B86300B7796E /* HelveticaNeueCyr-Black.ttf in Resources */ = {isa = PBXBuildFile; fileRef = FA80F69C2B71B86300B7796E /* HelveticaNeueCyr-Black.ttf */; };
		FA80F6BC2B71B86300B7796E /* HelveticaNeueCyr-Black.ttf in Resources */ = {isa = PBXBuildFile; fileRef = FA80F69C2B71B86300B7796E /* HelveticaNeueCyr-Black.ttf */; };
		FA80F6BD2B71B86300B7796E /* HelveticaNeueBoldCondensed.ttf in Resources */ = {isa = PBXBuildFile; fileRef = FA80F69D2B71B86300B7796E /* HelveticaNeueBoldCondensed.ttf */; };
		FA80F6BE2B71B86300B7796E /* HelveticaNeueBoldCondensed.ttf in Resources */ = {isa = PBXBuildFile; fileRef = FA80F69D2B71B86300B7796E /* HelveticaNeueBoldCondensed.ttf */; };
		FA80F6BF2B71B86300B7796E /* HelveticaNeueBoldCondensed.ttf in Resources */ = {isa = PBXBuildFile; fileRef = FA80F69D2B71B86300B7796E /* HelveticaNeueBoldCondensed.ttf */; };
		FA80F6C02B71B86300B7796E /* HelveticaNeueCyr-HeavyItalic.ttf in Resources */ = {isa = PBXBuildFile; fileRef = FA80F69E2B71B86300B7796E /* HelveticaNeueCyr-HeavyItalic.ttf */; };
		FA80F6C12B71B86300B7796E /* HelveticaNeueCyr-HeavyItalic.ttf in Resources */ = {isa = PBXBuildFile; fileRef = FA80F69E2B71B86300B7796E /* HelveticaNeueCyr-HeavyItalic.ttf */; };
		FA80F6C22B71B86300B7796E /* HelveticaNeueCyr-HeavyItalic.ttf in Resources */ = {isa = PBXBuildFile; fileRef = FA80F69E2B71B86300B7796E /* HelveticaNeueCyr-HeavyItalic.ttf */; };
		FA80F6C32B71B86300B7796E /* HelveticaNeueCyr-Thin.ttf in Resources */ = {isa = PBXBuildFile; fileRef = FA80F69F2B71B86300B7796E /* HelveticaNeueCyr-Thin.ttf */; };
		FA80F6C42B71B86300B7796E /* HelveticaNeueCyr-Thin.ttf in Resources */ = {isa = PBXBuildFile; fileRef = FA80F69F2B71B86300B7796E /* HelveticaNeueCyr-Thin.ttf */; };
		FA80F6C52B71B86400B7796E /* HelveticaNeueCyr-Thin.ttf in Resources */ = {isa = PBXBuildFile; fileRef = FA80F69F2B71B86300B7796E /* HelveticaNeueCyr-Thin.ttf */; };
		FA80F6C62B71B86400B7796E /* HelveticaNeueCyr-ThinItalic.ttf in Resources */ = {isa = PBXBuildFile; fileRef = FA80F6A02B71B86300B7796E /* HelveticaNeueCyr-ThinItalic.ttf */; };
		FA80F6C72B71B86400B7796E /* HelveticaNeueCyr-ThinItalic.ttf in Resources */ = {isa = PBXBuildFile; fileRef = FA80F6A02B71B86300B7796E /* HelveticaNeueCyr-ThinItalic.ttf */; };
		FA80F6C82B71B86400B7796E /* HelveticaNeueCyr-ThinItalic.ttf in Resources */ = {isa = PBXBuildFile; fileRef = FA80F6A02B71B86300B7796E /* HelveticaNeueCyr-ThinItalic.ttf */; };
		FA80F6C92B71B86400B7796E /* HelveticaNeueCyr-UltraLight.ttf in Resources */ = {isa = PBXBuildFile; fileRef = FA80F6A12B71B86300B7796E /* HelveticaNeueCyr-UltraLight.ttf */; };
		FA80F6CA2B71B86400B7796E /* HelveticaNeueCyr-UltraLight.ttf in Resources */ = {isa = PBXBuildFile; fileRef = FA80F6A12B71B86300B7796E /* HelveticaNeueCyr-UltraLight.ttf */; };
		FA80F6CB2B71B86400B7796E /* HelveticaNeueCyr-UltraLight.ttf in Resources */ = {isa = PBXBuildFile; fileRef = FA80F6A12B71B86300B7796E /* HelveticaNeueCyr-UltraLight.ttf */; };
		FA80F6CC2B71B86400B7796E /* HelveticaNeueCyr-Medium.ttf in Resources */ = {isa = PBXBuildFile; fileRef = FA80F6A22B71B86300B7796E /* HelveticaNeueCyr-Medium.ttf */; };
		FA80F6CD2B71B86400B7796E /* HelveticaNeueCyr-Medium.ttf in Resources */ = {isa = PBXBuildFile; fileRef = FA80F6A22B71B86300B7796E /* HelveticaNeueCyr-Medium.ttf */; };
		FA80F6CE2B71B86400B7796E /* HelveticaNeueCyr-Medium.ttf in Resources */ = {isa = PBXBuildFile; fileRef = FA80F6A22B71B86300B7796E /* HelveticaNeueCyr-Medium.ttf */; };
		FA80F6CF2B71B86400B7796E /* HelveticaNeueCyr-BoldItalic.ttf in Resources */ = {isa = PBXBuildFile; fileRef = FA80F6A32B71B86300B7796E /* HelveticaNeueCyr-BoldItalic.ttf */; };
		FA80F6D02B71B86400B7796E /* HelveticaNeueCyr-BoldItalic.ttf in Resources */ = {isa = PBXBuildFile; fileRef = FA80F6A32B71B86300B7796E /* HelveticaNeueCyr-BoldItalic.ttf */; };
		FA80F6D12B71B86400B7796E /* HelveticaNeueCyr-BoldItalic.ttf in Resources */ = {isa = PBXBuildFile; fileRef = FA80F6A32B71B86300B7796E /* HelveticaNeueCyr-BoldItalic.ttf */; };
		FA80F6D22B71B86400B7796E /* HelveticaNeueCyr-Bold.ttf in Resources */ = {isa = PBXBuildFile; fileRef = FA80F6A42B71B86300B7796E /* HelveticaNeueCyr-Bold.ttf */; };
		FA80F6D32B71B86400B7796E /* HelveticaNeueCyr-Bold.ttf in Resources */ = {isa = PBXBuildFile; fileRef = FA80F6A42B71B86300B7796E /* HelveticaNeueCyr-Bold.ttf */; };
		FA80F6D42B71B86400B7796E /* HelveticaNeueCyr-Bold.ttf in Resources */ = {isa = PBXBuildFile; fileRef = FA80F6A42B71B86300B7796E /* HelveticaNeueCyr-Bold.ttf */; };
		FA80F6D52B71B86400B7796E /* HelveticaNeueCyr-BlackItalic.ttf in Resources */ = {isa = PBXBuildFile; fileRef = FA80F6A52B71B86300B7796E /* HelveticaNeueCyr-BlackItalic.ttf */; };
		FA80F6D62B71B86400B7796E /* HelveticaNeueCyr-BlackItalic.ttf in Resources */ = {isa = PBXBuildFile; fileRef = FA80F6A52B71B86300B7796E /* HelveticaNeueCyr-BlackItalic.ttf */; };
		FA80F6D72B71B86400B7796E /* HelveticaNeueCyr-BlackItalic.ttf in Resources */ = {isa = PBXBuildFile; fileRef = FA80F6A52B71B86300B7796E /* HelveticaNeueCyr-BlackItalic.ttf */; };
		FA80F6D82B71B86400B7796E /* HelveticaNeueCyr-UltraLightItalic.ttf in Resources */ = {isa = PBXBuildFile; fileRef = FA80F6A62B71B86300B7796E /* HelveticaNeueCyr-UltraLightItalic.ttf */; };
		FA80F6D92B71B86400B7796E /* HelveticaNeueCyr-UltraLightItalic.ttf in Resources */ = {isa = PBXBuildFile; fileRef = FA80F6A62B71B86300B7796E /* HelveticaNeueCyr-UltraLightItalic.ttf */; };
		FA80F6DA2B71B86400B7796E /* HelveticaNeueCyr-UltraLightItalic.ttf in Resources */ = {isa = PBXBuildFile; fileRef = FA80F6A62B71B86300B7796E /* HelveticaNeueCyr-UltraLightItalic.ttf */; };
		FA80F6DB2B71B86400B7796E /* HelveticaNeueCyr-Roman.ttf in Resources */ = {isa = PBXBuildFile; fileRef = FA80F6A72B71B86300B7796E /* HelveticaNeueCyr-Roman.ttf */; };
		FA80F6DC2B71B86400B7796E /* HelveticaNeueCyr-Roman.ttf in Resources */ = {isa = PBXBuildFile; fileRef = FA80F6A72B71B86300B7796E /* HelveticaNeueCyr-Roman.ttf */; };
		FA80F6DD2B71B86400B7796E /* HelveticaNeueCyr-Roman.ttf in Resources */ = {isa = PBXBuildFile; fileRef = FA80F6A72B71B86300B7796E /* HelveticaNeueCyr-Roman.ttf */; };
		FA9AC70A2B755E99008945AA /* SignUpView.swift in Sources */ = {isa = PBXBuildFile; fileRef = FA9AC7092B755E99008945AA /* SignUpView.swift */; };
/* End PBXBuildFile section */

/* Begin PBXContainerItemProxy section */
		FA7BAA7A2B6C62C300B49752 /* PBXContainerItemProxy */ = {
			isa = PBXContainerItemProxy;
			containerPortal = FA7BAA5C2B6C62C200B49752 /* Project object */;
			proxyType = 1;
			remoteGlobalIDString = FA7BAA632B6C62C200B49752;
			remoteInfo = MeditationAppUI;
		};
		FA7BAA842B6C62C300B49752 /* PBXContainerItemProxy */ = {
			isa = PBXContainerItemProxy;
			containerPortal = FA7BAA5C2B6C62C200B49752 /* Project object */;
			proxyType = 1;
			remoteGlobalIDString = FA7BAA632B6C62C200B49752;
			remoteInfo = MeditationAppUI;
		};
/* End PBXContainerItemProxy section */

/* Begin PBXFileReference section */
		FA71AEA62B72EBE9009820E0 /* SignInView.swift */ = {isa = PBXFileReference; lastKnownFileType = sourcecode.swift; path = SignInView.swift; sourceTree = "<group>"; };
		FA7BAA642B6C62C200B49752 /* MeditationAppUI.app */ = {isa = PBXFileReference; explicitFileType = wrapper.application; includeInIndex = 0; path = MeditationAppUI.app; sourceTree = BUILT_PRODUCTS_DIR; };
		FA7BAA672B6C62C200B49752 /* MeditationAppUIApp.swift */ = {isa = PBXFileReference; lastKnownFileType = sourcecode.swift; path = MeditationAppUIApp.swift; sourceTree = "<group>"; };
		FA7BAA6B2B6C62C300B49752 /* Assets.xcassets */ = {isa = PBXFileReference; lastKnownFileType = folder.assetcatalog; path = Assets.xcassets; sourceTree = "<group>"; };
		FA7BAA6E2B6C62C300B49752 /* Preview Assets.xcassets */ = {isa = PBXFileReference; lastKnownFileType = folder.assetcatalog; path = "Preview Assets.xcassets"; sourceTree = "<group>"; };
		FA7BAA732B6C62C300B49752 /* MeditationAppUI.xcdatamodel */ = {isa = PBXFileReference; lastKnownFileType = wrapper.xcdatamodel; path = MeditationAppUI.xcdatamodel; sourceTree = "<group>"; };
		FA7BAA792B6C62C300B49752 /* MeditationAppUITests.xctest */ = {isa = PBXFileReference; explicitFileType = wrapper.cfbundle; includeInIndex = 0; path = MeditationAppUITests.xctest; sourceTree = BUILT_PRODUCTS_DIR; };
		FA7BAA7D2B6C62C300B49752 /* MeditationAppUITests.swift */ = {isa = PBXFileReference; lastKnownFileType = sourcecode.swift; path = MeditationAppUITests.swift; sourceTree = "<group>"; };
		FA7BAA832B6C62C300B49752 /* MeditationAppUIUITests.xctest */ = {isa = PBXFileReference; explicitFileType = wrapper.cfbundle; includeInIndex = 0; path = MeditationAppUIUITests.xctest; sourceTree = BUILT_PRODUCTS_DIR; };
		FA7BAA872B6C62C300B49752 /* MeditationAppUIUITests.swift */ = {isa = PBXFileReference; lastKnownFileType = sourcecode.swift; path = MeditationAppUIUITests.swift; sourceTree = "<group>"; };
		FA7BAA892B6C62C300B49752 /* MeditationAppUIUITestsLaunchTests.swift */ = {isa = PBXFileReference; lastKnownFileType = sourcecode.swift; path = MeditationAppUIUITestsLaunchTests.swift; sourceTree = "<group>"; };
		FA7BAA962B6C71BF00B49752 /* README.md */ = {isa = PBXFileReference; lastKnownFileType = net.daringfireball.markdown; path = README.md; sourceTree = "<group>"; };
		FA80F68C2B7150C600B7796E /* SilentMoonView.swift */ = {isa = PBXFileReference; lastKnownFileType = sourcecode.swift; path = SilentMoonView.swift; sourceTree = "<group>"; };
		FA80F6922B718E1100B7796E /* GeneralButtonComponent.swift */ = {isa = PBXFileReference; lastKnownFileType = sourcecode.swift; path = GeneralButtonComponent.swift; sourceTree = "<group>"; };
		FA80F6962B71B86300B7796E /* HelveticaNeueCyr-Italic.ttf */ = {isa = PBXFileReference; lastKnownFileType = file; path = "HelveticaNeueCyr-Italic.ttf"; sourceTree = "<group>"; };
		FA80F6972B71B86300B7796E /* HelveticaNeueCyr-Heavy.ttf */ = {isa = PBXFileReference; lastKnownFileType = file; path = "HelveticaNeueCyr-Heavy.ttf"; sourceTree = "<group>"; };
		FA80F6982B71B86300B7796E /* HelveticaNeueCyr-LightItalic.ttf */ = {isa = PBXFileReference; lastKnownFileType = file; path = "HelveticaNeueCyr-LightItalic.ttf"; sourceTree = "<group>"; };
		FA80F6992B71B86300B7796E /* HelveticaNeueCyr-Light.ttf */ = {isa = PBXFileReference; lastKnownFileType = file; path = "HelveticaNeueCyr-Light.ttf"; sourceTree = "<group>"; };
		FA80F69A2B71B86300B7796E /* HelveticaNeueCyr-MediumItalic.ttf */ = {isa = PBXFileReference; lastKnownFileType = file; path = "HelveticaNeueCyr-MediumItalic.ttf"; sourceTree = "<group>"; };
		FA80F69B2B71B86300B7796E /* HelveticaNeueBlackCondensed.ttf */ = {isa = PBXFileReference; lastKnownFileType = file; path = HelveticaNeueBlackCondensed.ttf; sourceTree = "<group>"; };
		FA80F69C2B71B86300B7796E /* HelveticaNeueCyr-Black.ttf */ = {isa = PBXFileReference; lastKnownFileType = file; path = "HelveticaNeueCyr-Black.ttf"; sourceTree = "<group>"; };
		FA80F69D2B71B86300B7796E /* HelveticaNeueBoldCondensed.ttf */ = {isa = PBXFileReference; lastKnownFileType = file; path = HelveticaNeueBoldCondensed.ttf; sourceTree = "<group>"; };
		FA80F69E2B71B86300B7796E /* HelveticaNeueCyr-HeavyItalic.ttf */ = {isa = PBXFileReference; lastKnownFileType = file; path = "HelveticaNeueCyr-HeavyItalic.ttf"; sourceTree = "<group>"; };
		FA80F69F2B71B86300B7796E /* HelveticaNeueCyr-Thin.ttf */ = {isa = PBXFileReference; lastKnownFileType = file; path = "HelveticaNeueCyr-Thin.ttf"; sourceTree = "<group>"; };
		FA80F6A02B71B86300B7796E /* HelveticaNeueCyr-ThinItalic.ttf */ = {isa = PBXFileReference; lastKnownFileType = file; path = "HelveticaNeueCyr-ThinItalic.ttf"; sourceTree = "<group>"; };
		FA80F6A12B71B86300B7796E /* HelveticaNeueCyr-UltraLight.ttf */ = {isa = PBXFileReference; lastKnownFileType = file; path = "HelveticaNeueCyr-UltraLight.ttf"; sourceTree = "<group>"; };
		FA80F6A22B71B86300B7796E /* HelveticaNeueCyr-Medium.ttf */ = {isa = PBXFileReference; lastKnownFileType = file; path = "HelveticaNeueCyr-Medium.ttf"; sourceTree = "<group>"; };
		FA80F6A32B71B86300B7796E /* HelveticaNeueCyr-BoldItalic.ttf */ = {isa = PBXFileReference; lastKnownFileType = file; path = "HelveticaNeueCyr-BoldItalic.ttf"; sourceTree = "<group>"; };
		FA80F6A42B71B86300B7796E /* HelveticaNeueCyr-Bold.ttf */ = {isa = PBXFileReference; lastKnownFileType = file; path = "HelveticaNeueCyr-Bold.ttf"; sourceTree = "<group>"; };
		FA80F6A52B71B86300B7796E /* HelveticaNeueCyr-BlackItalic.ttf */ = {isa = PBXFileReference; lastKnownFileType = file; path = "HelveticaNeueCyr-BlackItalic.ttf"; sourceTree = "<group>"; };
		FA80F6A62B71B86300B7796E /* HelveticaNeueCyr-UltraLightItalic.ttf */ = {isa = PBXFileReference; lastKnownFileType = file; path = "HelveticaNeueCyr-UltraLightItalic.ttf"; sourceTree = "<group>"; };
		FA80F6A72B71B86300B7796E /* HelveticaNeueCyr-Roman.ttf */ = {isa = PBXFileReference; lastKnownFileType = file; path = "HelveticaNeueCyr-Roman.ttf"; sourceTree = "<group>"; };
		FA80F6DE2B71B90600B7796E /* Info.plist */ = {isa = PBXFileReference; lastKnownFileType = text.plist; path = Info.plist; sourceTree = "<group>"; };
		FA9AC7092B755E99008945AA /* SignUpView.swift */ = {isa = PBXFileReference; lastKnownFileType = sourcecode.swift; path = SignUpView.swift; sourceTree = "<group>"; };
/* End PBXFileReference section */

/* Begin PBXFrameworksBuildPhase section */
		FA7BAA612B6C62C200B49752 /* Frameworks */ = {
			isa = PBXFrameworksBuildPhase;
			buildActionMask = 2147483647;
			files = (
			);
			runOnlyForDeploymentPostprocessing = 0;
		};
		FA7BAA762B6C62C300B49752 /* Frameworks */ = {
			isa = PBXFrameworksBuildPhase;
			buildActionMask = 2147483647;
			files = (
			);
			runOnlyForDeploymentPostprocessing = 0;
		};
		FA7BAA802B6C62C300B49752 /* Frameworks */ = {
			isa = PBXFrameworksBuildPhase;
			buildActionMask = 2147483647;
			files = (
			);
			runOnlyForDeploymentPostprocessing = 0;
		};
/* End PBXFrameworksBuildPhase section */

/* Begin PBXGroup section */
		FA71AEA52B72EBCB009820E0 /* SignIn */ = {
			isa = PBXGroup;
			children = (
				FA71AEA62B72EBE9009820E0 /* SignInView.swift */,
			);
			path = SignIn;
			sourceTree = "<group>";
		};
		FA7841A62B6D8A6200322926 /* Data */ = {
			isa = PBXGroup;
			children = (
				FA7BAA722B6C62C300B49752 /* MeditationAppUI.xcdatamodeld */,
			);
			path = Data;
			sourceTree = "<group>";
		};
		FA7841A82B6D8A6F00322926 /* Presentation */ = {
			isa = PBXGroup;
			children = (
				FA9AC7082B755E7E008945AA /* SignUp */,
				FA71AEA52B72EBCB009820E0 /* SignIn */,
				FA80F68E2B71593000B7796E /* SilentMoon */,
			);
			path = Presentation;
			sourceTree = "<group>";
		};
		FA7841A92B6D8A7500322926 /* App */ = {
			isa = PBXGroup;
			children = (
				FA7BAA672B6C62C200B49752 /* MeditationAppUIApp.swift */,
			);
			path = App;
			sourceTree = "<group>";
		};
		FA7BAA5B2B6C62C200B49752 = {
			isa = PBXGroup;
			children = (
				FA7BAA962B6C71BF00B49752 /* README.md */,
				FA7BAA662B6C62C200B49752 /* MeditationAppUI */,
				FA7BAA7C2B6C62C300B49752 /* MeditationAppUITests */,
				FA7BAA862B6C62C300B49752 /* MeditationAppUIUITests */,
				FA7BAA652B6C62C200B49752 /* Products */,
			);
			sourceTree = "<group>";
		};
		FA7BAA652B6C62C200B49752 /* Products */ = {
			isa = PBXGroup;
			children = (
				FA7BAA642B6C62C200B49752 /* MeditationAppUI.app */,
				FA7BAA792B6C62C300B49752 /* MeditationAppUITests.xctest */,
				FA7BAA832B6C62C300B49752 /* MeditationAppUIUITests.xctest */,
			);
			name = Products;
			sourceTree = "<group>";
		};
		FA7BAA662B6C62C200B49752 /* MeditationAppUI */ = {
			isa = PBXGroup;
			children = (
				FA80F6DE2B71B90600B7796E /* Info.plist */,
				FA80F6942B71B7EE00B7796E /* Resources */,
				FA7841A92B6D8A7500322926 /* App */,
				FA80F6902B718D8600B7796E /* Core */,
				FA7841A82B6D8A6F00322926 /* Presentation */,
				FA7841A62B6D8A6200322926 /* Data */,
				FA7BAA6B2B6C62C300B49752 /* Assets.xcassets */,
				FA7BAA6D2B6C62C300B49752 /* Preview Content */,
			);
			path = MeditationAppUI;
			sourceTree = "<group>";
		};
		FA7BAA6D2B6C62C300B49752 /* Preview Content */ = {
			isa = PBXGroup;
			children = (
				FA7BAA6E2B6C62C300B49752 /* Preview Assets.xcassets */,
			);
			path = "Preview Content";
			sourceTree = "<group>";
		};
		FA7BAA7C2B6C62C300B49752 /* MeditationAppUITests */ = {
			isa = PBXGroup;
			children = (
				FA7BAA7D2B6C62C300B49752 /* MeditationAppUITests.swift */,
			);
			path = MeditationAppUITests;
			sourceTree = "<group>";
		};
		FA7BAA862B6C62C300B49752 /* MeditationAppUIUITests */ = {
			isa = PBXGroup;
			children = (
				FA7BAA872B6C62C300B49752 /* MeditationAppUIUITests.swift */,
				FA7BAA892B6C62C300B49752 /* MeditationAppUIUITestsLaunchTests.swift */,
			);
			path = MeditationAppUIUITests;
			sourceTree = "<group>";
		};
		FA80F68E2B71593000B7796E /* SilentMoon */ = {
			isa = PBXGroup;
			children = (
				FA80F68C2B7150C600B7796E /* SilentMoonView.swift */,
			);
			path = SilentMoon;
			sourceTree = "<group>";
		};
		FA80F6902B718D8600B7796E /* Core */ = {
			isa = PBXGroup;
			children = (
				FA80F6912B718D9400B7796E /* ButtonStyle */,
			);
			path = Core;
			sourceTree = "<group>";
		};
		FA80F6912B718D9400B7796E /* ButtonStyle */ = {
			isa = PBXGroup;
			children = (
				FA80F6922B718E1100B7796E /* GeneralButtonComponent.swift */,
			);
			path = ButtonStyle;
			sourceTree = "<group>";
		};
		FA80F6942B71B7EE00B7796E /* Resources */ = {
			isa = PBXGroup;
			children = (
				FA80F6952B71B7FA00B7796E /* Fonts */,
			);
			path = Resources;
			sourceTree = "<group>";
		};
		FA80F6952B71B7FA00B7796E /* Fonts */ = {
			isa = PBXGroup;
			children = (
				FA80F69B2B71B86300B7796E /* HelveticaNeueBlackCondensed.ttf */,
				FA80F69D2B71B86300B7796E /* HelveticaNeueBoldCondensed.ttf */,
				FA80F69C2B71B86300B7796E /* HelveticaNeueCyr-Black.ttf */,
				FA80F6A52B71B86300B7796E /* HelveticaNeueCyr-BlackItalic.ttf */,
				FA80F6A42B71B86300B7796E /* HelveticaNeueCyr-Bold.ttf */,
				FA80F6A32B71B86300B7796E /* HelveticaNeueCyr-BoldItalic.ttf */,
				FA80F6972B71B86300B7796E /* HelveticaNeueCyr-Heavy.ttf */,
				FA80F69E2B71B86300B7796E /* HelveticaNeueCyr-HeavyItalic.ttf */,
				FA80F6962B71B86300B7796E /* HelveticaNeueCyr-Italic.ttf */,
				FA80F6992B71B86300B7796E /* HelveticaNeueCyr-Light.ttf */,
				FA80F6982B71B86300B7796E /* HelveticaNeueCyr-LightItalic.ttf */,
				FA80F6A22B71B86300B7796E /* HelveticaNeueCyr-Medium.ttf */,
				FA80F69A2B71B86300B7796E /* HelveticaNeueCyr-MediumItalic.ttf */,
				FA80F6A72B71B86300B7796E /* HelveticaNeueCyr-Roman.ttf */,
				FA80F69F2B71B86300B7796E /* HelveticaNeueCyr-Thin.ttf */,
				FA80F6A02B71B86300B7796E /* HelveticaNeueCyr-ThinItalic.ttf */,
				FA80F6A12B71B86300B7796E /* HelveticaNeueCyr-UltraLight.ttf */,
				FA80F6A62B71B86300B7796E /* HelveticaNeueCyr-UltraLightItalic.ttf */,
			);
			path = Fonts;
			sourceTree = "<group>";
		};
		FA9AC7082B755E7E008945AA /* SignUp */ = {
			isa = PBXGroup;
			children = (
				FA9AC7092B755E99008945AA /* SignUpView.swift */,
			);
			path = SignUp;
			sourceTree = "<group>";
		};
/* End PBXGroup section */

/* Begin PBXNativeTarget section */
		FA7BAA632B6C62C200B49752 /* MeditationAppUI */ = {
			isa = PBXNativeTarget;
			buildConfigurationList = FA7BAA8D2B6C62C300B49752 /* Build configuration list for PBXNativeTarget "MeditationAppUI" */;
			buildPhases = (
				FA7BAA602B6C62C200B49752 /* Sources */,
				FA7BAA612B6C62C200B49752 /* Frameworks */,
				FA7BAA622B6C62C200B49752 /* Resources */,
			);
			buildRules = (
			);
			dependencies = (
			);
			name = MeditationAppUI;
			productName = MeditationAppUI;
			productReference = FA7BAA642B6C62C200B49752 /* MeditationAppUI.app */;
			productType = "com.apple.product-type.application";
		};
		FA7BAA782B6C62C300B49752 /* MeditationAppUITests */ = {
			isa = PBXNativeTarget;
			buildConfigurationList = FA7BAA902B6C62C300B49752 /* Build configuration list for PBXNativeTarget "MeditationAppUITests" */;
			buildPhases = (
				FA7BAA752B6C62C300B49752 /* Sources */,
				FA7BAA762B6C62C300B49752 /* Frameworks */,
				FA7BAA772B6C62C300B49752 /* Resources */,
			);
			buildRules = (
			);
			dependencies = (
				FA7BAA7B2B6C62C300B49752 /* PBXTargetDependency */,
			);
			name = MeditationAppUITests;
			productName = MeditationAppUITests;
			productReference = FA7BAA792B6C62C300B49752 /* MeditationAppUITests.xctest */;
			productType = "com.apple.product-type.bundle.unit-test";
		};
		FA7BAA822B6C62C300B49752 /* MeditationAppUIUITests */ = {
			isa = PBXNativeTarget;
			buildConfigurationList = FA7BAA932B6C62C300B49752 /* Build configuration list for PBXNativeTarget "MeditationAppUIUITests" */;
			buildPhases = (
				FA7BAA7F2B6C62C300B49752 /* Sources */,
				FA7BAA802B6C62C300B49752 /* Frameworks */,
				FA7BAA812B6C62C300B49752 /* Resources */,
			);
			buildRules = (
			);
			dependencies = (
				FA7BAA852B6C62C300B49752 /* PBXTargetDependency */,
			);
			name = MeditationAppUIUITests;
			productName = MeditationAppUIUITests;
			productReference = FA7BAA832B6C62C300B49752 /* MeditationAppUIUITests.xctest */;
			productType = "com.apple.product-type.bundle.ui-testing";
		};
/* End PBXNativeTarget section */

/* Begin PBXProject section */
		FA7BAA5C2B6C62C200B49752 /* Project object */ = {
			isa = PBXProject;
			attributes = {
				BuildIndependentTargetsInParallel = 1;
				LastSwiftUpdateCheck = 1510;
				LastUpgradeCheck = 1510;
				TargetAttributes = {
					FA7BAA632B6C62C200B49752 = {
						CreatedOnToolsVersion = 15.1;
					};
					FA7BAA782B6C62C300B49752 = {
						CreatedOnToolsVersion = 15.1;
						TestTargetID = FA7BAA632B6C62C200B49752;
					};
					FA7BAA822B6C62C300B49752 = {
						CreatedOnToolsVersion = 15.1;
						TestTargetID = FA7BAA632B6C62C200B49752;
					};
				};
			};
			buildConfigurationList = FA7BAA5F2B6C62C200B49752 /* Build configuration list for PBXProject "MeditationAppUI" */;
			compatibilityVersion = "Xcode 14.0";
			developmentRegion = en;
			hasScannedForEncodings = 0;
			knownRegions = (
				en,
				Base,
			);
			mainGroup = FA7BAA5B2B6C62C200B49752;
			productRefGroup = FA7BAA652B6C62C200B49752 /* Products */;
			projectDirPath = "";
			projectRoot = "";
			targets = (
				FA7BAA632B6C62C200B49752 /* MeditationAppUI */,
				FA7BAA782B6C62C300B49752 /* MeditationAppUITests */,
				FA7BAA822B6C62C300B49752 /* MeditationAppUIUITests */,
			);
		};
/* End PBXProject section */

/* Begin PBXResourcesBuildPhase section */
		FA7BAA622B6C62C200B49752 /* Resources */ = {
			isa = PBXResourcesBuildPhase;
			buildActionMask = 2147483647;
			files = (
				FA80F6AB2B71B86300B7796E /* HelveticaNeueCyr-Heavy.ttf in Resources */,
				FA80F6C62B71B86400B7796E /* HelveticaNeueCyr-ThinItalic.ttf in Resources */,
				FA80F6B42B71B86300B7796E /* HelveticaNeueCyr-MediumItalic.ttf in Resources */,
				FA80F6BD2B71B86300B7796E /* HelveticaNeueBoldCondensed.ttf in Resources */,
				FA80F6CC2B71B86400B7796E /* HelveticaNeueCyr-Medium.ttf in Resources */,
				FA80F6D22B71B86400B7796E /* HelveticaNeueCyr-Bold.ttf in Resources */,
				FA80F6D52B71B86400B7796E /* HelveticaNeueCyr-BlackItalic.ttf in Resources */,
				FA80F6C02B71B86300B7796E /* HelveticaNeueCyr-HeavyItalic.ttf in Resources */,
				FA7BAA6F2B6C62C300B49752 /* Preview Assets.xcassets in Resources */,
				FA80F6C32B71B86300B7796E /* HelveticaNeueCyr-Thin.ttf in Resources */,
				FA80F6AE2B71B86300B7796E /* HelveticaNeueCyr-LightItalic.ttf in Resources */,
				FA80F6BA2B71B86300B7796E /* HelveticaNeueCyr-Black.ttf in Resources */,
				FA80F6A82B71B86300B7796E /* HelveticaNeueCyr-Italic.ttf in Resources */,
				FA80F6C92B71B86400B7796E /* HelveticaNeueCyr-UltraLight.ttf in Resources */,
				FA80F6B72B71B86300B7796E /* HelveticaNeueBlackCondensed.ttf in Resources */,
				FA7BAA6C2B6C62C300B49752 /* Assets.xcassets in Resources */,
				FA80F6DB2B71B86400B7796E /* HelveticaNeueCyr-Roman.ttf in Resources */,
				FA80F6B12B71B86300B7796E /* HelveticaNeueCyr-Light.ttf in Resources */,
				FA80F6D82B71B86400B7796E /* HelveticaNeueCyr-UltraLightItalic.ttf in Resources */,
				FA80F6CF2B71B86400B7796E /* HelveticaNeueCyr-BoldItalic.ttf in Resources */,
			);
			runOnlyForDeploymentPostprocessing = 0;
		};
		FA7BAA772B6C62C300B49752 /* Resources */ = {
			isa = PBXResourcesBuildPhase;
			buildActionMask = 2147483647;
			files = (
				FA80F6BE2B71B86300B7796E /* HelveticaNeueBoldCondensed.ttf in Resources */,
				FA80F6C12B71B86300B7796E /* HelveticaNeueCyr-HeavyItalic.ttf in Resources */,
				FA80F6B52B71B86300B7796E /* HelveticaNeueCyr-MediumItalic.ttf in Resources */,
				FA80F6BB2B71B86300B7796E /* HelveticaNeueCyr-Black.ttf in Resources */,
				FA80F6D32B71B86400B7796E /* HelveticaNeueCyr-Bold.ttf in Resources */,
				FA80F6CA2B71B86400B7796E /* HelveticaNeueCyr-UltraLight.ttf in Resources */,
				FA80F6DC2B71B86400B7796E /* HelveticaNeueCyr-Roman.ttf in Resources */,
				FA80F6AC2B71B86300B7796E /* HelveticaNeueCyr-Heavy.ttf in Resources */,
				FA80F6AF2B71B86300B7796E /* HelveticaNeueCyr-LightItalic.ttf in Resources */,
				FA80F6D62B71B86400B7796E /* HelveticaNeueCyr-BlackItalic.ttf in Resources */,
				FA80F6C72B71B86400B7796E /* HelveticaNeueCyr-ThinItalic.ttf in Resources */,
				FA80F6B82B71B86300B7796E /* HelveticaNeueBlackCondensed.ttf in Resources */,
				FA80F6A92B71B86300B7796E /* HelveticaNeueCyr-Italic.ttf in Resources */,
				FA80F6B22B71B86300B7796E /* HelveticaNeueCyr-Light.ttf in Resources */,
				FA80F6D02B71B86400B7796E /* HelveticaNeueCyr-BoldItalic.ttf in Resources */,
				FA80F6CD2B71B86400B7796E /* HelveticaNeueCyr-Medium.ttf in Resources */,
				FA80F6D92B71B86400B7796E /* HelveticaNeueCyr-UltraLightItalic.ttf in Resources */,
				FA80F6C42B71B86300B7796E /* HelveticaNeueCyr-Thin.ttf in Resources */,
			);
			runOnlyForDeploymentPostprocessing = 0;
		};
		FA7BAA812B6C62C300B49752 /* Resources */ = {
			isa = PBXResourcesBuildPhase;
			buildActionMask = 2147483647;
			files = (
				FA80F6BF2B71B86300B7796E /* HelveticaNeueBoldCondensed.ttf in Resources */,
				FA80F6C22B71B86300B7796E /* HelveticaNeueCyr-HeavyItalic.ttf in Resources */,
				FA80F6B62B71B86300B7796E /* HelveticaNeueCyr-MediumItalic.ttf in Resources */,
				FA80F6BC2B71B86300B7796E /* HelveticaNeueCyr-Black.ttf in Resources */,
				FA80F6D42B71B86400B7796E /* HelveticaNeueCyr-Bold.ttf in Resources */,
				FA80F6CB2B71B86400B7796E /* HelveticaNeueCyr-UltraLight.ttf in Resources */,
				FA80F6DD2B71B86400B7796E /* HelveticaNeueCyr-Roman.ttf in Resources */,
				FA80F6AD2B71B86300B7796E /* HelveticaNeueCyr-Heavy.ttf in Resources */,
				FA80F6B02B71B86300B7796E /* HelveticaNeueCyr-LightItalic.ttf in Resources */,
				FA80F6D72B71B86400B7796E /* HelveticaNeueCyr-BlackItalic.ttf in Resources */,
				FA80F6C82B71B86400B7796E /* HelveticaNeueCyr-ThinItalic.ttf in Resources */,
				FA80F6B92B71B86300B7796E /* HelveticaNeueBlackCondensed.ttf in Resources */,
				FA80F6AA2B71B86300B7796E /* HelveticaNeueCyr-Italic.ttf in Resources */,
				FA80F6B32B71B86300B7796E /* HelveticaNeueCyr-Light.ttf in Resources */,
				FA80F6D12B71B86400B7796E /* HelveticaNeueCyr-BoldItalic.ttf in Resources */,
				FA80F6CE2B71B86400B7796E /* HelveticaNeueCyr-Medium.ttf in Resources */,
				FA80F6DA2B71B86400B7796E /* HelveticaNeueCyr-UltraLightItalic.ttf in Resources */,
				FA80F6C52B71B86400B7796E /* HelveticaNeueCyr-Thin.ttf in Resources */,
			);
			runOnlyForDeploymentPostprocessing = 0;
		};
/* End PBXResourcesBuildPhase section */

/* Begin PBXSourcesBuildPhase section */
		FA7BAA602B6C62C200B49752 /* Sources */ = {
			isa = PBXSourcesBuildPhase;
			buildActionMask = 2147483647;
			files = (
				FA80F6932B718E1100B7796E /* GeneralButtonComponent.swift in Sources */,
				FA7BAA742B6C62C300B49752 /* MeditationAppUI.xcdatamodeld in Sources */,
				FA7BAA682B6C62C200B49752 /* MeditationAppUIApp.swift in Sources */,
				FA80F68D2B7150C600B7796E /* SilentMoonView.swift in Sources */,
				FA9AC70A2B755E99008945AA /* SignUpView.swift in Sources */,
				FA71AEA72B72EBE9009820E0 /* SignInView.swift in Sources */,
			);
			runOnlyForDeploymentPostprocessing = 0;
		};
		FA7BAA752B6C62C300B49752 /* Sources */ = {
			isa = PBXSourcesBuildPhase;
			buildActionMask = 2147483647;
			files = (
				FA7BAA7E2B6C62C300B49752 /* MeditationAppUITests.swift in Sources */,
			);
			runOnlyForDeploymentPostprocessing = 0;
		};
		FA7BAA7F2B6C62C300B49752 /* Sources */ = {
			isa = PBXSourcesBuildPhase;
			buildActionMask = 2147483647;
			files = (
				FA7BAA8A2B6C62C300B49752 /* MeditationAppUIUITestsLaunchTests.swift in Sources */,
				FA7BAA882B6C62C300B49752 /* MeditationAppUIUITests.swift in Sources */,
			);
			runOnlyForDeploymentPostprocessing = 0;
		};
/* End PBXSourcesBuildPhase section */

/* Begin PBXTargetDependency section */
		FA7BAA7B2B6C62C300B49752 /* PBXTargetDependency */ = {
			isa = PBXTargetDependency;
			target = FA7BAA632B6C62C200B49752 /* MeditationAppUI */;
			targetProxy = FA7BAA7A2B6C62C300B49752 /* PBXContainerItemProxy */;
		};
		FA7BAA852B6C62C300B49752 /* PBXTargetDependency */ = {
			isa = PBXTargetDependency;
			target = FA7BAA632B6C62C200B49752 /* MeditationAppUI */;
			targetProxy = FA7BAA842B6C62C300B49752 /* PBXContainerItemProxy */;
		};
/* End PBXTargetDependency section */

/* Begin XCBuildConfiguration section */
		FA7BAA8B2B6C62C300B49752 /* Debug */ = {
			isa = XCBuildConfiguration;
			buildSettings = {
				ALWAYS_SEARCH_USER_PATHS = NO;
				ASSETCATALOG_COMPILER_GENERATE_SWIFT_ASSET_SYMBOL_EXTENSIONS = YES;
				CLANG_ANALYZER_NONNULL = YES;
				CLANG_ANALYZER_NUMBER_OBJECT_CONVERSION = YES_AGGRESSIVE;
				CLANG_CXX_LANGUAGE_STANDARD = "gnu++20";
				CLANG_ENABLE_MODULES = YES;
				CLANG_ENABLE_OBJC_ARC = YES;
				CLANG_ENABLE_OBJC_WEAK = YES;
				CLANG_WARN_BLOCK_CAPTURE_AUTORELEASING = YES;
				CLANG_WARN_BOOL_CONVERSION = YES;
				CLANG_WARN_COMMA = YES;
				CLANG_WARN_CONSTANT_CONVERSION = YES;
				CLANG_WARN_DEPRECATED_OBJC_IMPLEMENTATIONS = YES;
				CLANG_WARN_DIRECT_OBJC_ISA_USAGE = YES_ERROR;
				CLANG_WARN_DOCUMENTATION_COMMENTS = YES;
				CLANG_WARN_EMPTY_BODY = YES;
				CLANG_WARN_ENUM_CONVERSION = YES;
				CLANG_WARN_INFINITE_RECURSION = YES;
				CLANG_WARN_INT_CONVERSION = YES;
				CLANG_WARN_NON_LITERAL_NULL_CONVERSION = YES;
				CLANG_WARN_OBJC_IMPLICIT_RETAIN_SELF = YES;
				CLANG_WARN_OBJC_LITERAL_CONVERSION = YES;
				CLANG_WARN_OBJC_ROOT_CLASS = YES_ERROR;
				CLANG_WARN_QUOTED_INCLUDE_IN_FRAMEWORK_HEADER = YES;
				CLANG_WARN_RANGE_LOOP_ANALYSIS = YES;
				CLANG_WARN_STRICT_PROTOTYPES = YES;
				CLANG_WARN_SUSPICIOUS_MOVE = YES;
				CLANG_WARN_UNGUARDED_AVAILABILITY = YES_AGGRESSIVE;
				CLANG_WARN_UNREACHABLE_CODE = YES;
				CLANG_WARN__DUPLICATE_METHOD_MATCH = YES;
				COPY_PHASE_STRIP = NO;
				DEBUG_INFORMATION_FORMAT = dwarf;
				ENABLE_STRICT_OBJC_MSGSEND = YES;
				ENABLE_TESTABILITY = YES;
				ENABLE_USER_SCRIPT_SANDBOXING = YES;
				GCC_C_LANGUAGE_STANDARD = gnu17;
				GCC_DYNAMIC_NO_PIC = NO;
				GCC_NO_COMMON_BLOCKS = YES;
				GCC_OPTIMIZATION_LEVEL = 0;
				GCC_PREPROCESSOR_DEFINITIONS = (
					"DEBUG=1",
					"$(inherited)",
				);
				GCC_WARN_64_TO_32_BIT_CONVERSION = YES;
				GCC_WARN_ABOUT_RETURN_TYPE = YES_ERROR;
				GCC_WARN_UNDECLARED_SELECTOR = YES;
				GCC_WARN_UNINITIALIZED_AUTOS = YES_AGGRESSIVE;
				GCC_WARN_UNUSED_FUNCTION = YES;
				GCC_WARN_UNUSED_VARIABLE = YES;
				IPHONEOS_DEPLOYMENT_TARGET = 15.0;
				LOCALIZATION_PREFERS_STRING_CATALOGS = YES;
				MTL_ENABLE_DEBUG_INFO = INCLUDE_SOURCE;
				MTL_FAST_MATH = YES;
				ONLY_ACTIVE_ARCH = YES;
				SDKROOT = iphoneos;
				SWIFT_ACTIVE_COMPILATION_CONDITIONS = "DEBUG $(inherited)";
				SWIFT_OPTIMIZATION_LEVEL = "-Onone";
			};
			name = Debug;
		};
		FA7BAA8C2B6C62C300B49752 /* Release */ = {
			isa = XCBuildConfiguration;
			buildSettings = {
				ALWAYS_SEARCH_USER_PATHS = NO;
				ASSETCATALOG_COMPILER_GENERATE_SWIFT_ASSET_SYMBOL_EXTENSIONS = YES;
				CLANG_ANALYZER_NONNULL = YES;
				CLANG_ANALYZER_NUMBER_OBJECT_CONVERSION = YES_AGGRESSIVE;
				CLANG_CXX_LANGUAGE_STANDARD = "gnu++20";
				CLANG_ENABLE_MODULES = YES;
				CLANG_ENABLE_OBJC_ARC = YES;
				CLANG_ENABLE_OBJC_WEAK = YES;
				CLANG_WARN_BLOCK_CAPTURE_AUTORELEASING = YES;
				CLANG_WARN_BOOL_CONVERSION = YES;
				CLANG_WARN_COMMA = YES;
				CLANG_WARN_CONSTANT_CONVERSION = YES;
				CLANG_WARN_DEPRECATED_OBJC_IMPLEMENTATIONS = YES;
				CLANG_WARN_DIRECT_OBJC_ISA_USAGE = YES_ERROR;
				CLANG_WARN_DOCUMENTATION_COMMENTS = YES;
				CLANG_WARN_EMPTY_BODY = YES;
				CLANG_WARN_ENUM_CONVERSION = YES;
				CLANG_WARN_INFINITE_RECURSION = YES;
				CLANG_WARN_INT_CONVERSION = YES;
				CLANG_WARN_NON_LITERAL_NULL_CONVERSION = YES;
				CLANG_WARN_OBJC_IMPLICIT_RETAIN_SELF = YES;
				CLANG_WARN_OBJC_LITERAL_CONVERSION = YES;
				CLANG_WARN_OBJC_ROOT_CLASS = YES_ERROR;
				CLANG_WARN_QUOTED_INCLUDE_IN_FRAMEWORK_HEADER = YES;
				CLANG_WARN_RANGE_LOOP_ANALYSIS = YES;
				CLANG_WARN_STRICT_PROTOTYPES = YES;
				CLANG_WARN_SUSPICIOUS_MOVE = YES;
				CLANG_WARN_UNGUARDED_AVAILABILITY = YES_AGGRESSIVE;
				CLANG_WARN_UNREACHABLE_CODE = YES;
				CLANG_WARN__DUPLICATE_METHOD_MATCH = YES;
				COPY_PHASE_STRIP = NO;
				DEBUG_INFORMATION_FORMAT = "dwarf-with-dsym";
				ENABLE_NS_ASSERTIONS = NO;
				ENABLE_STRICT_OBJC_MSGSEND = YES;
				ENABLE_USER_SCRIPT_SANDBOXING = YES;
				GCC_C_LANGUAGE_STANDARD = gnu17;
				GCC_NO_COMMON_BLOCKS = YES;
				GCC_WARN_64_TO_32_BIT_CONVERSION = YES;
				GCC_WARN_ABOUT_RETURN_TYPE = YES_ERROR;
				GCC_WARN_UNDECLARED_SELECTOR = YES;
				GCC_WARN_UNINITIALIZED_AUTOS = YES_AGGRESSIVE;
				GCC_WARN_UNUSED_FUNCTION = YES;
				GCC_WARN_UNUSED_VARIABLE = YES;
				IPHONEOS_DEPLOYMENT_TARGET = 15.0;
				LOCALIZATION_PREFERS_STRING_CATALOGS = YES;
				MTL_ENABLE_DEBUG_INFO = NO;
				MTL_FAST_MATH = YES;
				SDKROOT = iphoneos;
				SWIFT_COMPILATION_MODE = wholemodule;
				VALIDATE_PRODUCT = YES;
			};
			name = Release;
		};
		FA7BAA8E2B6C62C300B49752 /* Debug */ = {
			isa = XCBuildConfiguration;
			buildSettings = {
				ASSETCATALOG_COMPILER_APPICON_NAME = AppIcon;
				ASSETCATALOG_COMPILER_GLOBAL_ACCENT_COLOR_NAME = AccentColor;
				CODE_SIGN_STYLE = Automatic;
				CURRENT_PROJECT_VERSION = 1;
				DEVELOPMENT_ASSET_PATHS = "\"MeditationAppUI/Preview Content\"";
				DEVELOPMENT_TEAM = H9JXH336V5;
				ENABLE_PREVIEWS = YES;
				GENERATE_INFOPLIST_FILE = YES;
				INFOPLIST_FILE = MeditationAppUI/Info.plist;
				INFOPLIST_KEY_UIApplicationSceneManifest_Generation = YES;
				INFOPLIST_KEY_UIApplicationSupportsIndirectInputEvents = YES;
				INFOPLIST_KEY_UILaunchScreen_Generation = YES;
				INFOPLIST_KEY_UISupportedInterfaceOrientations_iPad = "UIInterfaceOrientationPortrait UIInterfaceOrientationPortraitUpsideDown UIInterfaceOrientationLandscapeLeft UIInterfaceOrientationLandscapeRight";
				INFOPLIST_KEY_UISupportedInterfaceOrientations_iPhone = "UIInterfaceOrientationPortrait UIInterfaceOrientationLandscapeLeft UIInterfaceOrientationLandscapeRight";
				LD_RUNPATH_SEARCH_PATHS = (
					"$(inherited)",
					"@executable_path/Frameworks",
				);
				MARKETING_VERSION = 1.0;
				PRODUCT_BUNDLE_IDENTIFIER = com.ronaldo.MeditationAppUI;
				PRODUCT_NAME = "$(TARGET_NAME)";
				SUPPORTED_PLATFORMS = "iphoneos iphonesimulator";
				SUPPORTS_MACCATALYST = NO;
				SUPPORTS_MAC_DESIGNED_FOR_IPHONE_IPAD = NO;
				SWIFT_EMIT_LOC_STRINGS = YES;
				SWIFT_VERSION = 5.0;
				TARGETED_DEVICE_FAMILY = "1,2";
			};
			name = Debug;
		};
		FA7BAA8F2B6C62C300B49752 /* Release */ = {
			isa = XCBuildConfiguration;
			buildSettings = {
				ASSETCATALOG_COMPILER_APPICON_NAME = AppIcon;
				ASSETCATALOG_COMPILER_GLOBAL_ACCENT_COLOR_NAME = AccentColor;
				CODE_SIGN_STYLE = Automatic;
				CURRENT_PROJECT_VERSION = 1;
				DEVELOPMENT_ASSET_PATHS = "\"MeditationAppUI/Preview Content\"";
				DEVELOPMENT_TEAM = H9JXH336V5;
				ENABLE_PREVIEWS = YES;
				GENERATE_INFOPLIST_FILE = YES;
				INFOPLIST_FILE = MeditationAppUI/Info.plist;
				INFOPLIST_KEY_UIApplicationSceneManifest_Generation = YES;
				INFOPLIST_KEY_UIApplicationSupportsIndirectInputEvents = YES;
				INFOPLIST_KEY_UILaunchScreen_Generation = YES;
				INFOPLIST_KEY_UISupportedInterfaceOrientations_iPad = "UIInterfaceOrientationPortrait UIInterfaceOrientationPortraitUpsideDown UIInterfaceOrientationLandscapeLeft UIInterfaceOrientationLandscapeRight";
				INFOPLIST_KEY_UISupportedInterfaceOrientations_iPhone = "UIInterfaceOrientationPortrait UIInterfaceOrientationLandscapeLeft UIInterfaceOrientationLandscapeRight";
				LD_RUNPATH_SEARCH_PATHS = (
					"$(inherited)",
					"@executable_path/Frameworks",
				);
				MARKETING_VERSION = 1.0;
				PRODUCT_BUNDLE_IDENTIFIER = com.ronaldo.MeditationAppUI;
				PRODUCT_NAME = "$(TARGET_NAME)";
				SUPPORTED_PLATFORMS = "iphoneos iphonesimulator";
				SUPPORTS_MACCATALYST = NO;
				SUPPORTS_MAC_DESIGNED_FOR_IPHONE_IPAD = NO;
				SWIFT_EMIT_LOC_STRINGS = YES;
				SWIFT_VERSION = 5.0;
				TARGETED_DEVICE_FAMILY = "1,2";
			};
			name = Release;
		};
		FA7BAA912B6C62C300B49752 /* Debug */ = {
			isa = XCBuildConfiguration;
			buildSettings = {
				ALWAYS_EMBED_SWIFT_STANDARD_LIBRARIES = YES;
				BUNDLE_LOADER = "$(TEST_HOST)";
				CODE_SIGN_STYLE = Automatic;
				CURRENT_PROJECT_VERSION = 1;
				DEVELOPMENT_TEAM = H9JXH336V5;
				GENERATE_INFOPLIST_FILE = YES;
				IPHONEOS_DEPLOYMENT_TARGET = 15.0;
				MARKETING_VERSION = 1.0;
				PRODUCT_BUNDLE_IDENTIFIER = com.ronaldo.MeditationAppUITests;
				PRODUCT_NAME = "$(TARGET_NAME)";
				SUPPORTED_PLATFORMS = "iphoneos iphonesimulator";
				SUPPORTS_MACCATALYST = NO;
				SUPPORTS_MAC_DESIGNED_FOR_IPHONE_IPAD = NO;
				SWIFT_EMIT_LOC_STRINGS = NO;
				SWIFT_VERSION = 5.0;
				TARGETED_DEVICE_FAMILY = "1,2";
				TEST_HOST = "$(BUILT_PRODUCTS_DIR)/MeditationAppUI.app/$(BUNDLE_EXECUTABLE_FOLDER_PATH)/MeditationAppUI";
			};
			name = Debug;
		};
		FA7BAA922B6C62C300B49752 /* Release */ = {
			isa = XCBuildConfiguration;
			buildSettings = {
				ALWAYS_EMBED_SWIFT_STANDARD_LIBRARIES = YES;
				BUNDLE_LOADER = "$(TEST_HOST)";
				CODE_SIGN_STYLE = Automatic;
				CURRENT_PROJECT_VERSION = 1;
				DEVELOPMENT_TEAM = H9JXH336V5;
				GENERATE_INFOPLIST_FILE = YES;
				IPHONEOS_DEPLOYMENT_TARGET = 15.0;
				MARKETING_VERSION = 1.0;
				PRODUCT_BUNDLE_IDENTIFIER = com.ronaldo.MeditationAppUITests;
				PRODUCT_NAME = "$(TARGET_NAME)";
				SUPPORTED_PLATFORMS = "iphoneos iphonesimulator";
				SUPPORTS_MACCATALYST = NO;
				SUPPORTS_MAC_DESIGNED_FOR_IPHONE_IPAD = NO;
				SWIFT_EMIT_LOC_STRINGS = NO;
				SWIFT_VERSION = 5.0;
				TARGETED_DEVICE_FAMILY = "1,2";
				TEST_HOST = "$(BUILT_PRODUCTS_DIR)/MeditationAppUI.app/$(BUNDLE_EXECUTABLE_FOLDER_PATH)/MeditationAppUI";
			};
			name = Release;
		};
		FA7BAA942B6C62C300B49752 /* Debug */ = {
			isa = XCBuildConfiguration;
			buildSettings = {
				ALWAYS_EMBED_SWIFT_STANDARD_LIBRARIES = YES;
				CODE_SIGN_STYLE = Automatic;
				CURRENT_PROJECT_VERSION = 1;
				DEVELOPMENT_TEAM = H9JXH336V5;
				GENERATE_INFOPLIST_FILE = YES;
				MARKETING_VERSION = 1.0;
				PRODUCT_BUNDLE_IDENTIFIER = com.ronaldo.MeditationAppUIUITests;
				PRODUCT_NAME = "$(TARGET_NAME)";
				SUPPORTED_PLATFORMS = "iphoneos iphonesimulator";
				SUPPORTS_MACCATALYST = NO;
				SUPPORTS_MAC_DESIGNED_FOR_IPHONE_IPAD = NO;
				SWIFT_EMIT_LOC_STRINGS = NO;
				SWIFT_VERSION = 5.0;
				TARGETED_DEVICE_FAMILY = "1,2";
				TEST_TARGET_NAME = MeditationAppUI;
			};
			name = Debug;
		};
		FA7BAA952B6C62C300B49752 /* Release */ = {
			isa = XCBuildConfiguration;
			buildSettings = {
				ALWAYS_EMBED_SWIFT_STANDARD_LIBRARIES = YES;
				CODE_SIGN_STYLE = Automatic;
				CURRENT_PROJECT_VERSION = 1;
				DEVELOPMENT_TEAM = H9JXH336V5;
				GENERATE_INFOPLIST_FILE = YES;
				MARKETING_VERSION = 1.0;
				PRODUCT_BUNDLE_IDENTIFIER = com.ronaldo.MeditationAppUIUITests;
				PRODUCT_NAME = "$(TARGET_NAME)";
				SUPPORTED_PLATFORMS = "iphoneos iphonesimulator";
				SUPPORTS_MACCATALYST = NO;
				SUPPORTS_MAC_DESIGNED_FOR_IPHONE_IPAD = NO;
				SWIFT_EMIT_LOC_STRINGS = NO;
				SWIFT_VERSION = 5.0;
				TARGETED_DEVICE_FAMILY = "1,2";
				TEST_TARGET_NAME = MeditationAppUI;
			};
			name = Release;
		};
/* End XCBuildConfiguration section */

/* Begin XCConfigurationList section */
		FA7BAA5F2B6C62C200B49752 /* Build configuration list for PBXProject "MeditationAppUI" */ = {
			isa = XCConfigurationList;
			buildConfigurations = (
				FA7BAA8B2B6C62C300B49752 /* Debug */,
				FA7BAA8C2B6C62C300B49752 /* Release */,
			);
			defaultConfigurationIsVisible = 0;
			defaultConfigurationName = Release;
		};
		FA7BAA8D2B6C62C300B49752 /* Build configuration list for PBXNativeTarget "MeditationAppUI" */ = {
			isa = XCConfigurationList;
			buildConfigurations = (
				FA7BAA8E2B6C62C300B49752 /* Debug */,
				FA7BAA8F2B6C62C300B49752 /* Release */,
			);
			defaultConfigurationIsVisible = 0;
			defaultConfigurationName = Release;
		};
		FA7BAA902B6C62C300B49752 /* Build configuration list for PBXNativeTarget "MeditationAppUITests" */ = {
			isa = XCConfigurationList;
			buildConfigurations = (
				FA7BAA912B6C62C300B49752 /* Debug */,
				FA7BAA922B6C62C300B49752 /* Release */,
			);
			defaultConfigurationIsVisible = 0;
			defaultConfigurationName = Release;
		};
		FA7BAA932B6C62C300B49752 /* Build configuration list for PBXNativeTarget "MeditationAppUIUITests" */ = {
			isa = XCConfigurationList;
			buildConfigurations = (
				FA7BAA942B6C62C300B49752 /* Debug */,
				FA7BAA952B6C62C300B49752 /* Release */,
			);
			defaultConfigurationIsVisible = 0;
			defaultConfigurationName = Release;
		};
/* End XCConfigurationList section */

/* Begin XCVersionGroup section */
		FA7BAA722B6C62C300B49752 /* MeditationAppUI.xcdatamodeld */ = {
			isa = XCVersionGroup;
			children = (
				FA7BAA732B6C62C300B49752 /* MeditationAppUI.xcdatamodel */,
			);
			currentVersion = FA7BAA732B6C62C300B49752 /* MeditationAppUI.xcdatamodel */;
			path = MeditationAppUI.xcdatamodeld;
			sourceTree = "<group>";
			versionGroupType = wrapper.xcdatamodel;
		};
/* End XCVersionGroup section */
	};
	rootObject = FA7BAA5C2B6C62C200B49752 /* Project object */;
}
